
Microsoft Visual Studio Solution File, Format Version 12.00
# Visual Studio Version 17
VisualStudioVersion = 17.7.34024.191
MinimumVisualStudioVersion = 10.0.40219.1
Project("{8BC9CEB8-8B4A-11D0-8D11-00A0C91BC942}") = "FirstConsoleApplication", "FirstConsoleApplication\FirstConsoleApplication.vcxproj", "{F9750A1F-F571-48A0-BB5A-1B2A38FDB393}"
EndProject
Project("{8BC9CEB8-8B4A-11D0-8D11-00A0C91BC942}") = "VariableConsoleApplication", "VariableConsoleApplication\VariableConsoleApplication.vcxproj", "{555155D5-41CD-4C9F-B245-666ABC18BD2A}"
EndProject
Project("{2150E333-8FDC-42A3-9474-1A3956D46DE8}") = "01.Podstawy", "01.Podstawy", "{B8DAEC72-6F14-4812-8561-00E2954FB3C4}"
EndProject
Project("{2150E333-8FDC-42A3-9474-1A3956D46DE8}") = "02.Instrukcje decyzyjne", "02.Instrukcje decyzyjne", "{F77CDA6E-CD9F-4869-8CF6-ABB9EEC3A363}"
EndProject
Project("{8BC9CEB8-8B4A-11D0-8D11-00A0C91BC942}") = "InstrucionIfConsoleApplication", "InstrucionIfConsoleApplication\InstrucionIfConsoleApplication.vcxproj", "{F2935E1D-0EA2-4957-AF78-04B55876B1CC}"
EndProject
Project("{8BC9CEB8-8B4A-11D0-8D11-00A0C91BC942}") = "LoopDoWhileConsoleApplication", "LoopDoWhileConsoleApplication\LoopDoWhileConsoleApplication.vcxproj", "{D10090CE-F756-491F-9D00-7E867DE84A76}"
EndProject
Project("{8BC9CEB8-8B4A-11D0-8D11-00A0C91BC942}") = "LoopWhileConsoleApplication", "LoopWhileConsoleApplication\LoopWhileConsoleApplication.vcxproj", "{667F4C04-510C-4B3C-AA07-90BFCA7835D7}"
EndProject
Project("{8BC9CEB8-8B4A-11D0-8D11-00A0C91BC942}") = "LoopForConsoleApplication", "LoopForConsoleApplication\LoopForConsoleApplication.vcxproj", "{00B4981C-F635-4257-B87B-B29E2BAB3714}"
EndProject
Project("{2150E333-8FDC-42A3-9474-1A3956D46DE8}") = "03.Kolekcje", "03.Kolekcje", "{0A6BC50D-9F82-4BBD-AA4A-5D0F4C0405CA}"
EndProject
Project("{8BC9CEB8-8B4A-11D0-8D11-00A0C91BC942}") = "CharactersConsoleApplication", "CharactersConsoleApplication\CharactersConsoleApplication.vcxproj", "{9D13FC8E-2945-4195-8AD4-A4B7B6B8499B}"
EndProject
Project("{8BC9CEB8-8B4A-11D0-8D11-00A0C91BC942}") = "ArrayConsoleApplication", "ArrayConsoleApplication\ArrayConsoleApplication.vcxproj", "{5B95710D-C311-442A-B702-EB5B8D32DAC6}"
EndProject
Project("{2150E333-8FDC-42A3-9474-1A3956D46DE8}") = "04.Funkcje", "04.Funkcje", "{0ACFCE55-A902-4004-BF92-999ADE1F997D}"
EndProject
Project("{8BC9CEB8-8B4A-11D0-8D11-00A0C91BC942}") = "FunctionConsoleApplication", "FunctionConsoleApplication\FunctionConsoleApplication.vcxproj", "{CF8ABB64-AE24-442C-B0C1-34E7D58F8B69}"
EndProject
Project("{2150E333-8FDC-42A3-9474-1A3956D46DE8}") = "05. Wskaźniki", "05. Wskaźniki", "{B6CDFD44-DB35-4C93-8584-E998C5875E79}"
EndProject
Project("{8BC9CEB8-8B4A-11D0-8D11-00A0C91BC942}") = "PointersConsoleApplication", "PointersConsoleApplication\PointersConsoleApplication.vcxproj", "{51632821-EABF-4BCE-B511-C32F1993F3A1}"
EndProject
Project("{2150E333-8FDC-42A3-9474-1A3956D46DE8}") = "06. Zadania", "06. Zadania", "{E739B1E0-E362-45D5-83DF-DFA09705EF5D}"
EndProject
Project("{8BC9CEB8-8B4A-11D0-8D11-00A0C91BC942}") = "TasksConsoleApplication", "TasksConsoleApplication\TasksConsoleApplication.vcxproj", "{850A975D-AE5A-4481-BCD8-FCCBFA0C0A21}"
EndProject
Project("{8BC9CEB8-8B4A-11D0-8D11-00A0C91BC942}") = "SnakeConsoleApplication", "SnakeConsoleApplication\SnakeConsoleApplication.vcxproj", "{7D21E5B6-8635-4A2B-8953-168E9CA0C5FE}"
EndProject
Project("{8BC9CEB8-8B4A-11D0-8D11-00A0C91BC942}") = "SkyConsoleApplication", "SkyConsoleApplication\SkyConsoleApplication.vcxproj", "{3493DF9F-D5B6-4DB1-AB1F-B052AC43305C}"
EndProject
Project("{8BC9CEB8-8B4A-11D0-8D11-00A0C91BC942}") = "DrawasquarConsoleApplication", "DrawasquarConsoleApplication\DrawasquarConsoleApplication.vcxproj", "{C9022453-D3F7-45A8-9C42-FA4DE1C85965}"
EndProject
Project("{8BC9CEB8-8B4A-11D0-8D11-00A0C91BC942}") = "StoperConsoleApplication", "StoperConsoleApplication\StoperConsoleApplication.vcxproj", "{DFB291E0-5ECD-408D-9DEE-44217BACF89F}"
EndProject
Project("{2150E333-8FDC-42A3-9474-1A3956D46DE8}") = "Strukturalne", "Strukturalne", "{BD368205-EEA4-4D9D-91E2-1C663D644453}"
EndProject
Project("{2150E333-8FDC-42A3-9474-1A3956D46DE8}") = "Obiektowe", "Obiektowe", "{A2CC847C-0C0C-41CE-8B9D-7908C7D2D2C4}"
EndProject
Project("{2150E333-8FDC-42A3-9474-1A3956D46DE8}") = "01.Struktury", "01.Struktury", "{6B609591-031A-4870-AC4D-E4E58AC6D337}"
EndProject
Project("{8BC9CEB8-8B4A-11D0-8D11-00A0C91BC942}") = "FirstStructConsoleApplication", "FirstStructConsoleApplication\FirstStructConsoleApplication.vcxproj", "{269CA0F5-4F57-4334-88D7-4C1281A181ED}"
EndProject
Project("{2150E333-8FDC-42A3-9474-1A3956D46DE8}") = "02.Podstawy obiektowe", "02.Podstawy obiektowe", "{51C8C3A3-EF20-4A03-99E0-F700EBF05D7E}"
EndProject
Project("{8BC9CEB8-8B4A-11D0-8D11-00A0C91BC942}") = "FirstObjectConsoleApplication", "FirstObjectConsoleApplication\FirstObjectConsoleApplication.vcxproj", "{AB3A43A1-7F7C-4469-9B64-485D5FC32AF8}"
EndProject
Project("{8BC9CEB8-8B4A-11D0-8D11-00A0C91BC942}") = "ReadAndWriteInFilesConsoleApplication", "ReadAndWriteInFilesConsoleApplication\ReadAndWriteInFilesConsoleApplication.vcxproj", "{03CFB367-D7BC-4DFC-AA0D-8794DFB7BFFA}"
EndProject
Project("{8BC9CEB8-8B4A-11D0-8D11-00A0C91BC942}") = "StringConsoleApplication", "StringConsoleApplication\StringConsoleApplication.vcxproj", "{030F8189-D13A-4C1A-A530-0DA6BF4BF616}"
EndProject
Project("{8BC9CEB8-8B4A-11D0-8D11-00A0C91BC942}") = "InheritanceConsoleApplication", "InheritanceConsoleApplication\InheritanceConsoleApplication.vcxproj", "{BEEE8D79-9F7A-41DA-9866-FCF6A33ED662}"
EndProject
Project("{8BC9CEB8-8B4A-11D0-8D11-00A0C91BC942}") = "FigureConsoleApplication", "FigureConsoleApplication\FigureConsoleApplication.vcxproj", "{15AE53E4-DCEC-49D4-8DFF-6CA189A9F982}"
EndProject
Project("{2150E333-8FDC-42A3-9474-1A3956D46DE8}") = "Matura", "Matura", "{1ED810FB-24E1-4C47-A66A-35A48748F489}"
EndProject
Project("{8BC9CEB8-8B4A-11D0-8D11-00A0C91BC942}") = "MaturaMaj2022jConsoleApplication", "MaturaMaj2022jConsoleApplication\MaturaMaj2022jConsoleApplication.vcxproj", "{D8939C4D-7CFF-48B3-B149-704E9FB05F16}"
EndProject
Project("{8BC9CEB8-8B4A-11D0-8D11-00A0C91BC942}") = "MaturaCzerwiec2022ConsoleApplication", "MaturaCzerwiec2022ConsoleApplication\MaturaCzerwiec2022ConsoleApplication.vcxproj", "{4D8C9EBE-1695-423E-8793-1C808CB7816E}"
EndProject
Project("{8BC9CEB8-8B4A-11D0-8D11-00A0C91BC942}") = "czerwiecMaturaSamConsoleApplication", "czerwiecMaturaSamConsoleApplication\czerwiecMaturaSamConsoleApplication.vcxproj", "{C67A51A7-D117-4FCE-A7C7-A661C3B8B99E}"
EndProject
Project("{8BC9CEB8-8B4A-11D0-8D11-00A0C91BC942}") = "MaturaMaj2024SamConsoleApplication", "MaturaMaj2024SamConsoleApplication\MaturaMaj2024SamConsoleApplication.vcxproj", "{0387D09A-B05F-46EA-8F47-A38843EA8F26}"
EndProject
Project("{2150E333-8FDC-42A3-9474-1A3956D46DE8}") = "NewFolder1", "NewFolder1", "{02EA681E-C7D8-13C7-8484-4AC65E1B71E8}"
EndProject
Project("{2150E333-8FDC-42A3-9474-1A3956D46DE8}") = "C#", "C#", "{1C2D0980-3660-445C-89A8-70A9B7CE9E90}"
EndProject
Project("{FAE04EC0-301F-11D3-BF4B-00C04F79EFBC}") = "FirsttConsoleApp", "FirsttConsoleApp\FirsttConsoleApp.csproj", "{628E30DD-FE35-44D9-9912-DF200AADD981}"
EndProject
Project("{FAE04EC0-301F-11D3-BF4B-00C04F79EFBC}") = "ObjectConsoleApp", "ObjectConsoleApp\ObjectConsoleApp.csproj", "{D7CD9A5C-EB4F-4D18-B397-B5BC87BE34C2}"
EndProject
Project("{FAE04EC0-301F-11D3-BF4B-00C04F79EFBC}") = "AboutObjectConsoleApp", "AboutObjectConsoleApp\AboutObjectConsoleApp.csproj", "{8BFA5C91-6B55-4AA0-96A5-8ADD01594C81}"
EndProject
Project("{FAE04EC0-301F-11D3-BF4B-00C04F79EFBC}") = "ErrorsConsoleApp", "ErrorsConsoleApp\ErrorsConsoleApp.csproj", "{C7134874-B44E-4652-A9D3-93A477386466}"
EndProject
Project("{FAE04EC0-301F-11D3-BF4B-00C04F79EFBC}") = "PracticalTaskConsoleApp", "PracticalTaskConsoleApp\PracticalTaskConsoleApp.csproj", "{B78B2C64-3586-4D08-BAFA-518B3ED1CD42}"
EndProject
Project("{FAE04EC0-301F-11D3-BF4B-00C04F79EFBC}") = "GenericTypesConsoleApp", "GenericTypesConsoleApp\GenericTypesConsoleApp.csproj", "{0CDA0B46-0E33-4288-A412-221B77E0D6E0}"
EndProject
Project("{FAE04EC0-301F-11D3-BF4B-00C04F79EFBC}") = "PolymorphismConsoleApp", "PolymorphismConsoleApp\PolymorphismConsoleApp.csproj", "{46C2A0D9-B8ED-4E41-9505-CD869382C020}"
EndProject
Global
	GlobalSection(SolutionConfigurationPlatforms) = preSolution
		Debug|Any CPU = Debug|Any CPU
		Debug|x64 = Debug|x64
		Debug|x86 = Debug|x86
		Release|Any CPU = Release|Any CPU
		Release|x64 = Release|x64
		Release|x86 = Release|x86
	EndGlobalSection
	GlobalSection(ProjectConfigurationPlatforms) = postSolution
		{F9750A1F-F571-48A0-BB5A-1B2A38FDB393}.Debug|Any CPU.ActiveCfg = Debug|x64
		{F9750A1F-F571-48A0-BB5A-1B2A38FDB393}.Debug|Any CPU.Build.0 = Debug|x64
		{F9750A1F-F571-48A0-BB5A-1B2A38FDB393}.Debug|x64.ActiveCfg = Debug|x64
		{F9750A1F-F571-48A0-BB5A-1B2A38FDB393}.Debug|x64.Build.0 = Debug|x64
		{F9750A1F-F571-48A0-BB5A-1B2A38FDB393}.Debug|x86.ActiveCfg = Debug|Win32
		{F9750A1F-F571-48A0-BB5A-1B2A38FDB393}.Debug|x86.Build.0 = Debug|Win32
		{F9750A1F-F571-48A0-BB5A-1B2A38FDB393}.Release|Any CPU.ActiveCfg = Release|x64
		{F9750A1F-F571-48A0-BB5A-1B2A38FDB393}.Release|Any CPU.Build.0 = Release|x64
		{F9750A1F-F571-48A0-BB5A-1B2A38FDB393}.Release|x64.ActiveCfg = Release|x64
		{F9750A1F-F571-48A0-BB5A-1B2A38FDB393}.Release|x64.Build.0 = Release|x64
		{F9750A1F-F571-48A0-BB5A-1B2A38FDB393}.Release|x86.ActiveCfg = Release|Win32
		{F9750A1F-F571-48A0-BB5A-1B2A38FDB393}.Release|x86.Build.0 = Release|Win32
		{555155D5-41CD-4C9F-B245-666ABC18BD2A}.Debug|Any CPU.ActiveCfg = Debug|x64
		{555155D5-41CD-4C9F-B245-666ABC18BD2A}.Debug|Any CPU.Build.0 = Debug|x64
		{555155D5-41CD-4C9F-B245-666ABC18BD2A}.Debug|x64.ActiveCfg = Debug|x64
		{555155D5-41CD-4C9F-B245-666ABC18BD2A}.Debug|x64.Build.0 = Debug|x64
		{555155D5-41CD-4C9F-B245-666ABC18BD2A}.Debug|x86.ActiveCfg = Debug|Win32
		{555155D5-41CD-4C9F-B245-666ABC18BD2A}.Debug|x86.Build.0 = Debug|Win32
		{555155D5-41CD-4C9F-B245-666ABC18BD2A}.Release|Any CPU.ActiveCfg = Release|x64
		{555155D5-41CD-4C9F-B245-666ABC18BD2A}.Release|Any CPU.Build.0 = Release|x64
		{555155D5-41CD-4C9F-B245-666ABC18BD2A}.Release|x64.ActiveCfg = Release|x64
		{555155D5-41CD-4C9F-B245-666ABC18BD2A}.Release|x64.Build.0 = Release|x64
		{555155D5-41CD-4C9F-B245-666ABC18BD2A}.Release|x86.ActiveCfg = Release|Win32
		{555155D5-41CD-4C9F-B245-666ABC18BD2A}.Release|x86.Build.0 = Release|Win32
		{F2935E1D-0EA2-4957-AF78-04B55876B1CC}.Debug|Any CPU.ActiveCfg = Debug|x64
		{F2935E1D-0EA2-4957-AF78-04B55876B1CC}.Debug|Any CPU.Build.0 = Debug|x64
		{F2935E1D-0EA2-4957-AF78-04B55876B1CC}.Debug|x64.ActiveCfg = Debug|x64
		{F2935E1D-0EA2-4957-AF78-04B55876B1CC}.Debug|x64.Build.0 = Debug|x64
		{F2935E1D-0EA2-4957-AF78-04B55876B1CC}.Debug|x86.ActiveCfg = Debug|Win32
		{F2935E1D-0EA2-4957-AF78-04B55876B1CC}.Debug|x86.Build.0 = Debug|Win32
		{F2935E1D-0EA2-4957-AF78-04B55876B1CC}.Release|Any CPU.ActiveCfg = Release|x64
		{F2935E1D-0EA2-4957-AF78-04B55876B1CC}.Release|Any CPU.Build.0 = Release|x64
		{F2935E1D-0EA2-4957-AF78-04B55876B1CC}.Release|x64.ActiveCfg = Release|x64
		{F2935E1D-0EA2-4957-AF78-04B55876B1CC}.Release|x64.Build.0 = Release|x64
		{F2935E1D-0EA2-4957-AF78-04B55876B1CC}.Release|x86.ActiveCfg = Release|Win32
		{F2935E1D-0EA2-4957-AF78-04B55876B1CC}.Release|x86.Build.0 = Release|Win32
		{D10090CE-F756-491F-9D00-7E867DE84A76}.Debug|Any CPU.ActiveCfg = Debug|x64
		{D10090CE-F756-491F-9D00-7E867DE84A76}.Debug|Any CPU.Build.0 = Debug|x64
		{D10090CE-F756-491F-9D00-7E867DE84A76}.Debug|x64.ActiveCfg = Debug|x64
		{D10090CE-F756-491F-9D00-7E867DE84A76}.Debug|x64.Build.0 = Debug|x64
		{D10090CE-F756-491F-9D00-7E867DE84A76}.Debug|x86.ActiveCfg = Debug|Win32
		{D10090CE-F756-491F-9D00-7E867DE84A76}.Debug|x86.Build.0 = Debug|Win32
		{D10090CE-F756-491F-9D00-7E867DE84A76}.Release|Any CPU.ActiveCfg = Release|x64
		{D10090CE-F756-491F-9D00-7E867DE84A76}.Release|Any CPU.Build.0 = Release|x64
		{D10090CE-F756-491F-9D00-7E867DE84A76}.Release|x64.ActiveCfg = Release|x64
		{D10090CE-F756-491F-9D00-7E867DE84A76}.Release|x64.Build.0 = Release|x64
		{D10090CE-F756-491F-9D00-7E867DE84A76}.Release|x86.ActiveCfg = Release|Win32
		{D10090CE-F756-491F-9D00-7E867DE84A76}.Release|x86.Build.0 = Release|Win32
		{667F4C04-510C-4B3C-AA07-90BFCA7835D7}.Debug|Any CPU.ActiveCfg = Debug|x64
		{667F4C04-510C-4B3C-AA07-90BFCA7835D7}.Debug|Any CPU.Build.0 = Debug|x64
		{667F4C04-510C-4B3C-AA07-90BFCA7835D7}.Debug|x64.ActiveCfg = Debug|x64
		{667F4C04-510C-4B3C-AA07-90BFCA7835D7}.Debug|x64.Build.0 = Debug|x64
		{667F4C04-510C-4B3C-AA07-90BFCA7835D7}.Debug|x86.ActiveCfg = Debug|Win32
		{667F4C04-510C-4B3C-AA07-90BFCA7835D7}.Debug|x86.Build.0 = Debug|Win32
		{667F4C04-510C-4B3C-AA07-90BFCA7835D7}.Release|Any CPU.ActiveCfg = Release|x64
		{667F4C04-510C-4B3C-AA07-90BFCA7835D7}.Release|Any CPU.Build.0 = Release|x64
		{667F4C04-510C-4B3C-AA07-90BFCA7835D7}.Release|x64.ActiveCfg = Release|x64
		{667F4C04-510C-4B3C-AA07-90BFCA7835D7}.Release|x64.Build.0 = Release|x64
		{667F4C04-510C-4B3C-AA07-90BFCA7835D7}.Release|x86.ActiveCfg = Release|Win32
		{667F4C04-510C-4B3C-AA07-90BFCA7835D7}.Release|x86.Build.0 = Release|Win32
		{00B4981C-F635-4257-B87B-B29E2BAB3714}.Debug|Any CPU.ActiveCfg = Debug|x64
		{00B4981C-F635-4257-B87B-B29E2BAB3714}.Debug|Any CPU.Build.0 = Debug|x64
		{00B4981C-F635-4257-B87B-B29E2BAB3714}.Debug|x64.ActiveCfg = Debug|x64
		{00B4981C-F635-4257-B87B-B29E2BAB3714}.Debug|x64.Build.0 = Debug|x64
		{00B4981C-F635-4257-B87B-B29E2BAB3714}.Debug|x86.ActiveCfg = Debug|Win32
		{00B4981C-F635-4257-B87B-B29E2BAB3714}.Debug|x86.Build.0 = Debug|Win32
		{00B4981C-F635-4257-B87B-B29E2BAB3714}.Release|Any CPU.ActiveCfg = Release|x64
		{00B4981C-F635-4257-B87B-B29E2BAB3714}.Release|Any CPU.Build.0 = Release|x64
		{00B4981C-F635-4257-B87B-B29E2BAB3714}.Release|x64.ActiveCfg = Release|x64
		{00B4981C-F635-4257-B87B-B29E2BAB3714}.Release|x64.Build.0 = Release|x64
		{00B4981C-F635-4257-B87B-B29E2BAB3714}.Release|x86.ActiveCfg = Release|Win32
		{00B4981C-F635-4257-B87B-B29E2BAB3714}.Release|x86.Build.0 = Release|Win32
		{9D13FC8E-2945-4195-8AD4-A4B7B6B8499B}.Debug|Any CPU.ActiveCfg = Debug|x64
		{9D13FC8E-2945-4195-8AD4-A4B7B6B8499B}.Debug|Any CPU.Build.0 = Debug|x64
		{9D13FC8E-2945-4195-8AD4-A4B7B6B8499B}.Debug|x64.ActiveCfg = Debug|x64
		{9D13FC8E-2945-4195-8AD4-A4B7B6B8499B}.Debug|x64.Build.0 = Debug|x64
		{9D13FC8E-2945-4195-8AD4-A4B7B6B8499B}.Debug|x86.ActiveCfg = Debug|Win32
		{9D13FC8E-2945-4195-8AD4-A4B7B6B8499B}.Debug|x86.Build.0 = Debug|Win32
		{9D13FC8E-2945-4195-8AD4-A4B7B6B8499B}.Release|Any CPU.ActiveCfg = Release|x64
		{9D13FC8E-2945-4195-8AD4-A4B7B6B8499B}.Release|Any CPU.Build.0 = Release|x64
		{9D13FC8E-2945-4195-8AD4-A4B7B6B8499B}.Release|x64.ActiveCfg = Release|x64
		{9D13FC8E-2945-4195-8AD4-A4B7B6B8499B}.Release|x64.Build.0 = Release|x64
		{9D13FC8E-2945-4195-8AD4-A4B7B6B8499B}.Release|x86.ActiveCfg = Release|Win32
		{9D13FC8E-2945-4195-8AD4-A4B7B6B8499B}.Release|x86.Build.0 = Release|Win32
		{5B95710D-C311-442A-B702-EB5B8D32DAC6}.Debug|Any CPU.ActiveCfg = Debug|x64
		{5B95710D-C311-442A-B702-EB5B8D32DAC6}.Debug|Any CPU.Build.0 = Debug|x64
		{5B95710D-C311-442A-B702-EB5B8D32DAC6}.Debug|x64.ActiveCfg = Debug|x64
		{5B95710D-C311-442A-B702-EB5B8D32DAC6}.Debug|x64.Build.0 = Debug|x64
		{5B95710D-C311-442A-B702-EB5B8D32DAC6}.Debug|x86.ActiveCfg = Debug|Win32
		{5B95710D-C311-442A-B702-EB5B8D32DAC6}.Debug|x86.Build.0 = Debug|Win32
		{5B95710D-C311-442A-B702-EB5B8D32DAC6}.Release|Any CPU.ActiveCfg = Release|x64
		{5B95710D-C311-442A-B702-EB5B8D32DAC6}.Release|Any CPU.Build.0 = Release|x64
		{5B95710D-C311-442A-B702-EB5B8D32DAC6}.Release|x64.ActiveCfg = Release|x64
		{5B95710D-C311-442A-B702-EB5B8D32DAC6}.Release|x64.Build.0 = Release|x64
		{5B95710D-C311-442A-B702-EB5B8D32DAC6}.Release|x86.ActiveCfg = Release|Win32
		{5B95710D-C311-442A-B702-EB5B8D32DAC6}.Release|x86.Build.0 = Release|Win32
		{CF8ABB64-AE24-442C-B0C1-34E7D58F8B69}.Debug|Any CPU.ActiveCfg = Debug|x64
		{CF8ABB64-AE24-442C-B0C1-34E7D58F8B69}.Debug|Any CPU.Build.0 = Debug|x64
		{CF8ABB64-AE24-442C-B0C1-34E7D58F8B69}.Debug|x64.ActiveCfg = Debug|x64
		{CF8ABB64-AE24-442C-B0C1-34E7D58F8B69}.Debug|x64.Build.0 = Debug|x64
		{CF8ABB64-AE24-442C-B0C1-34E7D58F8B69}.Debug|x86.ActiveCfg = Debug|Win32
		{CF8ABB64-AE24-442C-B0C1-34E7D58F8B69}.Debug|x86.Build.0 = Debug|Win32
		{CF8ABB64-AE24-442C-B0C1-34E7D58F8B69}.Release|Any CPU.ActiveCfg = Release|x64
		{CF8ABB64-AE24-442C-B0C1-34E7D58F8B69}.Release|Any CPU.Build.0 = Release|x64
		{CF8ABB64-AE24-442C-B0C1-34E7D58F8B69}.Release|x64.ActiveCfg = Release|x64
		{CF8ABB64-AE24-442C-B0C1-34E7D58F8B69}.Release|x64.Build.0 = Release|x64
		{CF8ABB64-AE24-442C-B0C1-34E7D58F8B69}.Release|x86.ActiveCfg = Release|Win32
		{CF8ABB64-AE24-442C-B0C1-34E7D58F8B69}.Release|x86.Build.0 = Release|Win32
		{51632821-EABF-4BCE-B511-C32F1993F3A1}.Debug|Any CPU.ActiveCfg = Debug|x64
		{51632821-EABF-4BCE-B511-C32F1993F3A1}.Debug|Any CPU.Build.0 = Debug|x64
		{51632821-EABF-4BCE-B511-C32F1993F3A1}.Debug|x64.ActiveCfg = Debug|x64
		{51632821-EABF-4BCE-B511-C32F1993F3A1}.Debug|x64.Build.0 = Debug|x64
		{51632821-EABF-4BCE-B511-C32F1993F3A1}.Debug|x86.ActiveCfg = Debug|Win32
		{51632821-EABF-4BCE-B511-C32F1993F3A1}.Debug|x86.Build.0 = Debug|Win32
		{51632821-EABF-4BCE-B511-C32F1993F3A1}.Release|Any CPU.ActiveCfg = Release|x64
		{51632821-EABF-4BCE-B511-C32F1993F3A1}.Release|Any CPU.Build.0 = Release|x64
		{51632821-EABF-4BCE-B511-C32F1993F3A1}.Release|x64.ActiveCfg = Release|x64
		{51632821-EABF-4BCE-B511-C32F1993F3A1}.Release|x64.Build.0 = Release|x64
		{51632821-EABF-4BCE-B511-C32F1993F3A1}.Release|x86.ActiveCfg = Release|Win32
		{51632821-EABF-4BCE-B511-C32F1993F3A1}.Release|x86.Build.0 = Release|Win32
		{850A975D-AE5A-4481-BCD8-FCCBFA0C0A21}.Debug|Any CPU.ActiveCfg = Debug|x64
		{850A975D-AE5A-4481-BCD8-FCCBFA0C0A21}.Debug|Any CPU.Build.0 = Debug|x64
		{850A975D-AE5A-4481-BCD8-FCCBFA0C0A21}.Debug|x64.ActiveCfg = Debug|x64
		{850A975D-AE5A-4481-BCD8-FCCBFA0C0A21}.Debug|x64.Build.0 = Debug|x64
		{850A975D-AE5A-4481-BCD8-FCCBFA0C0A21}.Debug|x86.ActiveCfg = Debug|Win32
		{850A975D-AE5A-4481-BCD8-FCCBFA0C0A21}.Debug|x86.Build.0 = Debug|Win32
		{850A975D-AE5A-4481-BCD8-FCCBFA0C0A21}.Release|Any CPU.ActiveCfg = Release|x64
		{850A975D-AE5A-4481-BCD8-FCCBFA0C0A21}.Release|Any CPU.Build.0 = Release|x64
		{850A975D-AE5A-4481-BCD8-FCCBFA0C0A21}.Release|x64.ActiveCfg = Release|x64
		{850A975D-AE5A-4481-BCD8-FCCBFA0C0A21}.Release|x64.Build.0 = Release|x64
		{850A975D-AE5A-4481-BCD8-FCCBFA0C0A21}.Release|x86.ActiveCfg = Release|Win32
		{850A975D-AE5A-4481-BCD8-FCCBFA0C0A21}.Release|x86.Build.0 = Release|Win32
		{7D21E5B6-8635-4A2B-8953-168E9CA0C5FE}.Debug|Any CPU.ActiveCfg = Debug|x64
		{7D21E5B6-8635-4A2B-8953-168E9CA0C5FE}.Debug|Any CPU.Build.0 = Debug|x64
		{7D21E5B6-8635-4A2B-8953-168E9CA0C5FE}.Debug|x64.ActiveCfg = Debug|x64
		{7D21E5B6-8635-4A2B-8953-168E9CA0C5FE}.Debug|x64.Build.0 = Debug|x64
		{7D21E5B6-8635-4A2B-8953-168E9CA0C5FE}.Debug|x86.ActiveCfg = Debug|Win32
		{7D21E5B6-8635-4A2B-8953-168E9CA0C5FE}.Debug|x86.Build.0 = Debug|Win32
		{7D21E5B6-8635-4A2B-8953-168E9CA0C5FE}.Release|Any CPU.ActiveCfg = Release|x64
		{7D21E5B6-8635-4A2B-8953-168E9CA0C5FE}.Release|Any CPU.Build.0 = Release|x64
		{7D21E5B6-8635-4A2B-8953-168E9CA0C5FE}.Release|x64.ActiveCfg = Release|x64
		{7D21E5B6-8635-4A2B-8953-168E9CA0C5FE}.Release|x64.Build.0 = Release|x64
		{7D21E5B6-8635-4A2B-8953-168E9CA0C5FE}.Release|x86.ActiveCfg = Release|Win32
		{7D21E5B6-8635-4A2B-8953-168E9CA0C5FE}.Release|x86.Build.0 = Release|Win32
		{3493DF9F-D5B6-4DB1-AB1F-B052AC43305C}.Debug|Any CPU.ActiveCfg = Debug|x64
		{3493DF9F-D5B6-4DB1-AB1F-B052AC43305C}.Debug|Any CPU.Build.0 = Debug|x64
		{3493DF9F-D5B6-4DB1-AB1F-B052AC43305C}.Debug|x64.ActiveCfg = Debug|x64
		{3493DF9F-D5B6-4DB1-AB1F-B052AC43305C}.Debug|x64.Build.0 = Debug|x64
		{3493DF9F-D5B6-4DB1-AB1F-B052AC43305C}.Debug|x86.ActiveCfg = Debug|Win32
		{3493DF9F-D5B6-4DB1-AB1F-B052AC43305C}.Debug|x86.Build.0 = Debug|Win32
		{3493DF9F-D5B6-4DB1-AB1F-B052AC43305C}.Release|Any CPU.ActiveCfg = Release|x64
		{3493DF9F-D5B6-4DB1-AB1F-B052AC43305C}.Release|Any CPU.Build.0 = Release|x64
		{3493DF9F-D5B6-4DB1-AB1F-B052AC43305C}.Release|x64.ActiveCfg = Release|x64
		{3493DF9F-D5B6-4DB1-AB1F-B052AC43305C}.Release|x64.Build.0 = Release|x64
		{3493DF9F-D5B6-4DB1-AB1F-B052AC43305C}.Release|x86.ActiveCfg = Release|Win32
		{3493DF9F-D5B6-4DB1-AB1F-B052AC43305C}.Release|x86.Build.0 = Release|Win32
		{C9022453-D3F7-45A8-9C42-FA4DE1C85965}.Debug|Any CPU.ActiveCfg = Debug|x64
		{C9022453-D3F7-45A8-9C42-FA4DE1C85965}.Debug|x64.ActiveCfg = Debug|x64
		{C9022453-D3F7-45A8-9C42-FA4DE1C85965}.Debug|x64.Build.0 = Debug|x64
		{C9022453-D3F7-45A8-9C42-FA4DE1C85965}.Debug|x86.ActiveCfg = Debug|Win32
		{C9022453-D3F7-45A8-9C42-FA4DE1C85965}.Debug|x86.Build.0 = Debug|Win32
		{C9022453-D3F7-45A8-9C42-FA4DE1C85965}.Release|Any CPU.ActiveCfg = Release|x64
		{C9022453-D3F7-45A8-9C42-FA4DE1C85965}.Release|x64.ActiveCfg = Release|x64
		{C9022453-D3F7-45A8-9C42-FA4DE1C85965}.Release|x64.Build.0 = Release|x64
		{C9022453-D3F7-45A8-9C42-FA4DE1C85965}.Release|x86.ActiveCfg = Release|Win32
		{C9022453-D3F7-45A8-9C42-FA4DE1C85965}.Release|x86.Build.0 = Release|Win32
		{DFB291E0-5ECD-408D-9DEE-44217BACF89F}.Debug|Any CPU.ActiveCfg = Debug|x64
		{DFB291E0-5ECD-408D-9DEE-44217BACF89F}.Debug|Any CPU.Build.0 = Debug|x64
		{DFB291E0-5ECD-408D-9DEE-44217BACF89F}.Debug|x64.ActiveCfg = Debug|x64
		{DFB291E0-5ECD-408D-9DEE-44217BACF89F}.Debug|x64.Build.0 = Debug|x64
		{DFB291E0-5ECD-408D-9DEE-44217BACF89F}.Debug|x86.ActiveCfg = Debug|Win32
		{DFB291E0-5ECD-408D-9DEE-44217BACF89F}.Debug|x86.Build.0 = Debug|Win32
		{DFB291E0-5ECD-408D-9DEE-44217BACF89F}.Release|Any CPU.ActiveCfg = Release|x64
		{DFB291E0-5ECD-408D-9DEE-44217BACF89F}.Release|Any CPU.Build.0 = Release|x64
		{DFB291E0-5ECD-408D-9DEE-44217BACF89F}.Release|x64.ActiveCfg = Release|x64
		{DFB291E0-5ECD-408D-9DEE-44217BACF89F}.Release|x64.Build.0 = Release|x64
		{DFB291E0-5ECD-408D-9DEE-44217BACF89F}.Release|x86.ActiveCfg = Release|Win32
		{DFB291E0-5ECD-408D-9DEE-44217BACF89F}.Release|x86.Build.0 = Release|Win32
		{269CA0F5-4F57-4334-88D7-4C1281A181ED}.Debug|Any CPU.ActiveCfg = Debug|x64
		{269CA0F5-4F57-4334-88D7-4C1281A181ED}.Debug|Any CPU.Build.0 = Debug|x64
		{269CA0F5-4F57-4334-88D7-4C1281A181ED}.Debug|x64.ActiveCfg = Debug|x64
		{269CA0F5-4F57-4334-88D7-4C1281A181ED}.Debug|x64.Build.0 = Debug|x64
		{269CA0F5-4F57-4334-88D7-4C1281A181ED}.Debug|x86.ActiveCfg = Debug|Win32
		{269CA0F5-4F57-4334-88D7-4C1281A181ED}.Debug|x86.Build.0 = Debug|Win32
		{269CA0F5-4F57-4334-88D7-4C1281A181ED}.Release|Any CPU.ActiveCfg = Release|x64
		{269CA0F5-4F57-4334-88D7-4C1281A181ED}.Release|Any CPU.Build.0 = Release|x64
		{269CA0F5-4F57-4334-88D7-4C1281A181ED}.Release|x64.ActiveCfg = Release|x64
		{269CA0F5-4F57-4334-88D7-4C1281A181ED}.Release|x64.Build.0 = Release|x64
		{269CA0F5-4F57-4334-88D7-4C1281A181ED}.Release|x86.ActiveCfg = Release|Win32
		{269CA0F5-4F57-4334-88D7-4C1281A181ED}.Release|x86.Build.0 = Release|Win32
		{AB3A43A1-7F7C-4469-9B64-485D5FC32AF8}.Debug|Any CPU.ActiveCfg = Debug|x64
		{AB3A43A1-7F7C-4469-9B64-485D5FC32AF8}.Debug|Any CPU.Build.0 = Debug|x64
		{AB3A43A1-7F7C-4469-9B64-485D5FC32AF8}.Debug|x64.ActiveCfg = Debug|x64
		{AB3A43A1-7F7C-4469-9B64-485D5FC32AF8}.Debug|x64.Build.0 = Debug|x64
		{AB3A43A1-7F7C-4469-9B64-485D5FC32AF8}.Debug|x86.ActiveCfg = Debug|Win32
		{AB3A43A1-7F7C-4469-9B64-485D5FC32AF8}.Debug|x86.Build.0 = Debug|Win32
		{AB3A43A1-7F7C-4469-9B64-485D5FC32AF8}.Release|Any CPU.ActiveCfg = Release|x64
		{AB3A43A1-7F7C-4469-9B64-485D5FC32AF8}.Release|Any CPU.Build.0 = Release|x64
		{AB3A43A1-7F7C-4469-9B64-485D5FC32AF8}.Release|x64.ActiveCfg = Release|x64
		{AB3A43A1-7F7C-4469-9B64-485D5FC32AF8}.Release|x64.Build.0 = Release|x64
		{AB3A43A1-7F7C-4469-9B64-485D5FC32AF8}.Release|x86.ActiveCfg = Release|Win32
		{AB3A43A1-7F7C-4469-9B64-485D5FC32AF8}.Release|x86.Build.0 = Release|Win32
		{03CFB367-D7BC-4DFC-AA0D-8794DFB7BFFA}.Debug|Any CPU.ActiveCfg = Debug|x64
		{03CFB367-D7BC-4DFC-AA0D-8794DFB7BFFA}.Debug|Any CPU.Build.0 = Debug|x64
		{03CFB367-D7BC-4DFC-AA0D-8794DFB7BFFA}.Debug|x64.ActiveCfg = Debug|x64
		{03CFB367-D7BC-4DFC-AA0D-8794DFB7BFFA}.Debug|x64.Build.0 = Debug|x64
		{03CFB367-D7BC-4DFC-AA0D-8794DFB7BFFA}.Debug|x86.ActiveCfg = Debug|Win32
		{03CFB367-D7BC-4DFC-AA0D-8794DFB7BFFA}.Debug|x86.Build.0 = Debug|Win32
		{03CFB367-D7BC-4DFC-AA0D-8794DFB7BFFA}.Release|Any CPU.ActiveCfg = Release|x64
		{03CFB367-D7BC-4DFC-AA0D-8794DFB7BFFA}.Release|Any CPU.Build.0 = Release|x64
		{03CFB367-D7BC-4DFC-AA0D-8794DFB7BFFA}.Release|x64.ActiveCfg = Release|x64
		{03CFB367-D7BC-4DFC-AA0D-8794DFB7BFFA}.Release|x64.Build.0 = Release|x64
		{03CFB367-D7BC-4DFC-AA0D-8794DFB7BFFA}.Release|x86.ActiveCfg = Release|Win32
		{03CFB367-D7BC-4DFC-AA0D-8794DFB7BFFA}.Release|x86.Build.0 = Release|Win32
		{030F8189-D13A-4C1A-A530-0DA6BF4BF616}.Debug|Any CPU.ActiveCfg = Debug|x64
		{030F8189-D13A-4C1A-A530-0DA6BF4BF616}.Debug|Any CPU.Build.0 = Debug|x64
		{030F8189-D13A-4C1A-A530-0DA6BF4BF616}.Debug|x64.ActiveCfg = Debug|x64
		{030F8189-D13A-4C1A-A530-0DA6BF4BF616}.Debug|x64.Build.0 = Debug|x64
		{030F8189-D13A-4C1A-A530-0DA6BF4BF616}.Debug|x86.ActiveCfg = Debug|Win32
		{030F8189-D13A-4C1A-A530-0DA6BF4BF616}.Debug|x86.Build.0 = Debug|Win32
		{030F8189-D13A-4C1A-A530-0DA6BF4BF616}.Release|Any CPU.ActiveCfg = Release|x64
		{030F8189-D13A-4C1A-A530-0DA6BF4BF616}.Release|Any CPU.Build.0 = Release|x64
		{030F8189-D13A-4C1A-A530-0DA6BF4BF616}.Release|x64.ActiveCfg = Release|x64
		{030F8189-D13A-4C1A-A530-0DA6BF4BF616}.Release|x64.Build.0 = Release|x64
		{030F8189-D13A-4C1A-A530-0DA6BF4BF616}.Release|x86.ActiveCfg = Release|Win32
		{030F8189-D13A-4C1A-A530-0DA6BF4BF616}.Release|x86.Build.0 = Release|Win32
		{BEEE8D79-9F7A-41DA-9866-FCF6A33ED662}.Debug|Any CPU.ActiveCfg = Debug|x64
		{BEEE8D79-9F7A-41DA-9866-FCF6A33ED662}.Debug|Any CPU.Build.0 = Debug|x64
		{BEEE8D79-9F7A-41DA-9866-FCF6A33ED662}.Debug|x64.ActiveCfg = Debug|x64
		{BEEE8D79-9F7A-41DA-9866-FCF6A33ED662}.Debug|x64.Build.0 = Debug|x64
		{BEEE8D79-9F7A-41DA-9866-FCF6A33ED662}.Debug|x86.ActiveCfg = Debug|Win32
		{BEEE8D79-9F7A-41DA-9866-FCF6A33ED662}.Debug|x86.Build.0 = Debug|Win32
		{BEEE8D79-9F7A-41DA-9866-FCF6A33ED662}.Release|Any CPU.ActiveCfg = Release|x64
		{BEEE8D79-9F7A-41DA-9866-FCF6A33ED662}.Release|Any CPU.Build.0 = Release|x64
		{BEEE8D79-9F7A-41DA-9866-FCF6A33ED662}.Release|x64.ActiveCfg = Release|x64
		{BEEE8D79-9F7A-41DA-9866-FCF6A33ED662}.Release|x64.Build.0 = Release|x64
		{BEEE8D79-9F7A-41DA-9866-FCF6A33ED662}.Release|x86.ActiveCfg = Release|Win32
		{BEEE8D79-9F7A-41DA-9866-FCF6A33ED662}.Release|x86.Build.0 = Release|Win32
		{15AE53E4-DCEC-49D4-8DFF-6CA189A9F982}.Debug|Any CPU.ActiveCfg = Debug|x64
		{15AE53E4-DCEC-49D4-8DFF-6CA189A9F982}.Debug|Any CPU.Build.0 = Debug|x64
		{15AE53E4-DCEC-49D4-8DFF-6CA189A9F982}.Debug|x64.ActiveCfg = Debug|x64
		{15AE53E4-DCEC-49D4-8DFF-6CA189A9F982}.Debug|x64.Build.0 = Debug|x64
		{15AE53E4-DCEC-49D4-8DFF-6CA189A9F982}.Debug|x86.ActiveCfg = Debug|Win32
		{15AE53E4-DCEC-49D4-8DFF-6CA189A9F982}.Debug|x86.Build.0 = Debug|Win32
		{15AE53E4-DCEC-49D4-8DFF-6CA189A9F982}.Release|Any CPU.ActiveCfg = Release|x64
		{15AE53E4-DCEC-49D4-8DFF-6CA189A9F982}.Release|Any CPU.Build.0 = Release|x64
		{15AE53E4-DCEC-49D4-8DFF-6CA189A9F982}.Release|x64.ActiveCfg = Release|x64
		{15AE53E4-DCEC-49D4-8DFF-6CA189A9F982}.Release|x64.Build.0 = Release|x64
		{15AE53E4-DCEC-49D4-8DFF-6CA189A9F982}.Release|x86.ActiveCfg = Release|Win32
		{15AE53E4-DCEC-49D4-8DFF-6CA189A9F982}.Release|x86.Build.0 = Release|Win32
		{D8939C4D-7CFF-48B3-B149-704E9FB05F16}.Debug|Any CPU.ActiveCfg = Debug|x64
		{D8939C4D-7CFF-48B3-B149-704E9FB05F16}.Debug|Any CPU.Build.0 = Debug|x64
		{D8939C4D-7CFF-48B3-B149-704E9FB05F16}.Debug|x64.ActiveCfg = Debug|x64
		{D8939C4D-7CFF-48B3-B149-704E9FB05F16}.Debug|x64.Build.0 = Debug|x64
		{D8939C4D-7CFF-48B3-B149-704E9FB05F16}.Debug|x86.ActiveCfg = Debug|Win32
		{D8939C4D-7CFF-48B3-B149-704E9FB05F16}.Debug|x86.Build.0 = Debug|Win32
		{D8939C4D-7CFF-48B3-B149-704E9FB05F16}.Release|Any CPU.ActiveCfg = Release|x64
		{D8939C4D-7CFF-48B3-B149-704E9FB05F16}.Release|Any CPU.Build.0 = Release|x64
		{D8939C4D-7CFF-48B3-B149-704E9FB05F16}.Release|x64.ActiveCfg = Release|x64
		{D8939C4D-7CFF-48B3-B149-704E9FB05F16}.Release|x64.Build.0 = Release|x64
		{D8939C4D-7CFF-48B3-B149-704E9FB05F16}.Release|x86.ActiveCfg = Release|Win32
		{D8939C4D-7CFF-48B3-B149-704E9FB05F16}.Release|x86.Build.0 = Release|Win32
		{4D8C9EBE-1695-423E-8793-1C808CB7816E}.Debug|Any CPU.ActiveCfg = Debug|x64
		{4D8C9EBE-1695-423E-8793-1C808CB7816E}.Debug|Any CPU.Build.0 = Debug|x64
		{4D8C9EBE-1695-423E-8793-1C808CB7816E}.Debug|x64.ActiveCfg = Debug|x64
		{4D8C9EBE-1695-423E-8793-1C808CB7816E}.Debug|x64.Build.0 = Debug|x64
		{4D8C9EBE-1695-423E-8793-1C808CB7816E}.Debug|x86.ActiveCfg = Debug|Win32
		{4D8C9EBE-1695-423E-8793-1C808CB7816E}.Debug|x86.Build.0 = Debug|Win32
		{4D8C9EBE-1695-423E-8793-1C808CB7816E}.Release|Any CPU.ActiveCfg = Release|x64
		{4D8C9EBE-1695-423E-8793-1C808CB7816E}.Release|Any CPU.Build.0 = Release|x64
		{4D8C9EBE-1695-423E-8793-1C808CB7816E}.Release|x64.ActiveCfg = Release|x64
		{4D8C9EBE-1695-423E-8793-1C808CB7816E}.Release|x64.Build.0 = Release|x64
		{4D8C9EBE-1695-423E-8793-1C808CB7816E}.Release|x86.ActiveCfg = Release|Win32
		{4D8C9EBE-1695-423E-8793-1C808CB7816E}.Release|x86.Build.0 = Release|Win32
		{C67A51A7-D117-4FCE-A7C7-A661C3B8B99E}.Debug|Any CPU.ActiveCfg = Debug|x64
		{C67A51A7-D117-4FCE-A7C7-A661C3B8B99E}.Debug|Any CPU.Build.0 = Debug|x64
		{C67A51A7-D117-4FCE-A7C7-A661C3B8B99E}.Debug|x64.ActiveCfg = Debug|x64
		{C67A51A7-D117-4FCE-A7C7-A661C3B8B99E}.Debug|x64.Build.0 = Debug|x64
		{C67A51A7-D117-4FCE-A7C7-A661C3B8B99E}.Debug|x86.ActiveCfg = Debug|Win32
		{C67A51A7-D117-4FCE-A7C7-A661C3B8B99E}.Debug|x86.Build.0 = Debug|Win32
		{C67A51A7-D117-4FCE-A7C7-A661C3B8B99E}.Release|Any CPU.ActiveCfg = Release|x64
		{C67A51A7-D117-4FCE-A7C7-A661C3B8B99E}.Release|Any CPU.Build.0 = Release|x64
		{C67A51A7-D117-4FCE-A7C7-A661C3B8B99E}.Release|x64.ActiveCfg = Release|x64
		{C67A51A7-D117-4FCE-A7C7-A661C3B8B99E}.Release|x64.Build.0 = Release|x64
		{C67A51A7-D117-4FCE-A7C7-A661C3B8B99E}.Release|x86.ActiveCfg = Release|Win32
		{C67A51A7-D117-4FCE-A7C7-A661C3B8B99E}.Release|x86.Build.0 = Release|Win32
		{0387D09A-B05F-46EA-8F47-A38843EA8F26}.Debug|Any CPU.ActiveCfg = Debug|x64
		{0387D09A-B05F-46EA-8F47-A38843EA8F26}.Debug|Any CPU.Build.0 = Debug|x64
		{0387D09A-B05F-46EA-8F47-A38843EA8F26}.Debug|x64.ActiveCfg = Debug|x64
		{0387D09A-B05F-46EA-8F47-A38843EA8F26}.Debug|x64.Build.0 = Debug|x64
		{0387D09A-B05F-46EA-8F47-A38843EA8F26}.Debug|x86.ActiveCfg = Debug|Win32
		{0387D09A-B05F-46EA-8F47-A38843EA8F26}.Debug|x86.Build.0 = Debug|Win32
		{0387D09A-B05F-46EA-8F47-A38843EA8F26}.Release|Any CPU.ActiveCfg = Release|x64
		{0387D09A-B05F-46EA-8F47-A38843EA8F26}.Release|Any CPU.Build.0 = Release|x64
		{0387D09A-B05F-46EA-8F47-A38843EA8F26}.Release|x64.ActiveCfg = Release|x64
		{0387D09A-B05F-46EA-8F47-A38843EA8F26}.Release|x64.Build.0 = Release|x64
		{0387D09A-B05F-46EA-8F47-A38843EA8F26}.Release|x86.ActiveCfg = Release|Win32
		{0387D09A-B05F-46EA-8F47-A38843EA8F26}.Release|x86.Build.0 = Release|Win32
		{628E30DD-FE35-44D9-9912-DF200AADD981}.Debug|Any CPU.ActiveCfg = Debug|Any CPU
		{628E30DD-FE35-44D9-9912-DF200AADD981}.Debug|Any CPU.Build.0 = Debug|Any CPU
		{628E30DD-FE35-44D9-9912-DF200AADD981}.Debug|x64.ActiveCfg = Debug|Any CPU
		{628E30DD-FE35-44D9-9912-DF200AADD981}.Debug|x64.Build.0 = Debug|Any CPU
		{628E30DD-FE35-44D9-9912-DF200AADD981}.Debug|x86.ActiveCfg = Debug|Any CPU
		{628E30DD-FE35-44D9-9912-DF200AADD981}.Debug|x86.Build.0 = Debug|Any CPU
		{628E30DD-FE35-44D9-9912-DF200AADD981}.Release|Any CPU.ActiveCfg = Release|Any CPU
		{628E30DD-FE35-44D9-9912-DF200AADD981}.Release|Any CPU.Build.0 = Release|Any CPU
		{628E30DD-FE35-44D9-9912-DF200AADD981}.Release|x64.ActiveCfg = Release|Any CPU
		{628E30DD-FE35-44D9-9912-DF200AADD981}.Release|x64.Build.0 = Release|Any CPU
		{628E30DD-FE35-44D9-9912-DF200AADD981}.Release|x86.ActiveCfg = Release|Any CPU
		{628E30DD-FE35-44D9-9912-DF200AADD981}.Release|x86.Build.0 = Release|Any CPU
		{D7CD9A5C-EB4F-4D18-B397-B5BC87BE34C2}.Debug|Any CPU.ActiveCfg = Debug|Any CPU
		{D7CD9A5C-EB4F-4D18-B397-B5BC87BE34C2}.Debug|Any CPU.Build.0 = Debug|Any CPU
		{D7CD9A5C-EB4F-4D18-B397-B5BC87BE34C2}.Debug|x64.ActiveCfg = Debug|Any CPU
		{D7CD9A5C-EB4F-4D18-B397-B5BC87BE34C2}.Debug|x64.Build.0 = Debug|Any CPU
		{D7CD9A5C-EB4F-4D18-B397-B5BC87BE34C2}.Debug|x86.ActiveCfg = Debug|Any CPU
		{D7CD9A5C-EB4F-4D18-B397-B5BC87BE34C2}.Debug|x86.Build.0 = Debug|Any CPU
		{D7CD9A5C-EB4F-4D18-B397-B5BC87BE34C2}.Release|Any CPU.ActiveCfg = Release|Any CPU
		{D7CD9A5C-EB4F-4D18-B397-B5BC87BE34C2}.Release|Any CPU.Build.0 = Release|Any CPU
		{D7CD9A5C-EB4F-4D18-B397-B5BC87BE34C2}.Release|x64.ActiveCfg = Release|Any CPU
		{D7CD9A5C-EB4F-4D18-B397-B5BC87BE34C2}.Release|x64.Build.0 = Release|Any CPU
		{D7CD9A5C-EB4F-4D18-B397-B5BC87BE34C2}.Release|x86.ActiveCfg = Release|Any CPU
		{D7CD9A5C-EB4F-4D18-B397-B5BC87BE34C2}.Release|x86.Build.0 = Release|Any CPU
		{8BFA5C91-6B55-4AA0-96A5-8ADD01594C81}.Debug|Any CPU.ActiveCfg = Debug|Any CPU
		{8BFA5C91-6B55-4AA0-96A5-8ADD01594C81}.Debug|Any CPU.Build.0 = Debug|Any CPU
		{8BFA5C91-6B55-4AA0-96A5-8ADD01594C81}.Debug|x64.ActiveCfg = Debug|Any CPU
		{8BFA5C91-6B55-4AA0-96A5-8ADD01594C81}.Debug|x64.Build.0 = Debug|Any CPU
		{8BFA5C91-6B55-4AA0-96A5-8ADD01594C81}.Debug|x86.ActiveCfg = Debug|Any CPU
		{8BFA5C91-6B55-4AA0-96A5-8ADD01594C81}.Debug|x86.Build.0 = Debug|Any CPU
		{8BFA5C91-6B55-4AA0-96A5-8ADD01594C81}.Release|Any CPU.ActiveCfg = Release|Any CPU
		{8BFA5C91-6B55-4AA0-96A5-8ADD01594C81}.Release|Any CPU.Build.0 = Release|Any CPU
		{8BFA5C91-6B55-4AA0-96A5-8ADD01594C81}.Release|x64.ActiveCfg = Release|Any CPU
		{8BFA5C91-6B55-4AA0-96A5-8ADD01594C81}.Release|x64.Build.0 = Release|Any CPU
		{8BFA5C91-6B55-4AA0-96A5-8ADD01594C81}.Release|x86.ActiveCfg = Release|Any CPU
		{8BFA5C91-6B55-4AA0-96A5-8ADD01594C81}.Release|x86.Build.0 = Release|Any CPU
		{C7134874-B44E-4652-A9D3-93A477386466}.Debug|Any CPU.ActiveCfg = Debug|Any CPU
		{C7134874-B44E-4652-A9D3-93A477386466}.Debug|Any CPU.Build.0 = Debug|Any CPU
		{C7134874-B44E-4652-A9D3-93A477386466}.Debug|x64.ActiveCfg = Debug|Any CPU
		{C7134874-B44E-4652-A9D3-93A477386466}.Debug|x64.Build.0 = Debug|Any CPU
		{C7134874-B44E-4652-A9D3-93A477386466}.Debug|x86.ActiveCfg = Debug|Any CPU
		{C7134874-B44E-4652-A9D3-93A477386466}.Debug|x86.Build.0 = Debug|Any CPU
		{C7134874-B44E-4652-A9D3-93A477386466}.Release|Any CPU.ActiveCfg = Release|Any CPU
		{C7134874-B44E-4652-A9D3-93A477386466}.Release|Any CPU.Build.0 = Release|Any CPU
		{C7134874-B44E-4652-A9D3-93A477386466}.Release|x64.ActiveCfg = Release|Any CPU
		{C7134874-B44E-4652-A9D3-93A477386466}.Release|x64.Build.0 = Release|Any CPU
		{C7134874-B44E-4652-A9D3-93A477386466}.Release|x86.ActiveCfg = Release|Any CPU
		{C7134874-B44E-4652-A9D3-93A477386466}.Release|x86.Build.0 = Release|Any CPU
		{B78B2C64-3586-4D08-BAFA-518B3ED1CD42}.Debug|Any CPU.ActiveCfg = Debug|Any CPU
		{B78B2C64-3586-4D08-BAFA-518B3ED1CD42}.Debug|Any CPU.Build.0 = Debug|Any CPU
		{B78B2C64-3586-4D08-BAFA-518B3ED1CD42}.Debug|x64.ActiveCfg = Debug|Any CPU
		{B78B2C64-3586-4D08-BAFA-518B3ED1CD42}.Debug|x64.Build.0 = Debug|Any CPU
		{B78B2C64-3586-4D08-BAFA-518B3ED1CD42}.Debug|x86.ActiveCfg = Debug|Any CPU
		{B78B2C64-3586-4D08-BAFA-518B3ED1CD42}.Debug|x86.Build.0 = Debug|Any CPU
		{B78B2C64-3586-4D08-BAFA-518B3ED1CD42}.Release|Any CPU.ActiveCfg = Release|Any CPU
		{B78B2C64-3586-4D08-BAFA-518B3ED1CD42}.Release|Any CPU.Build.0 = Release|Any CPU
		{B78B2C64-3586-4D08-BAFA-518B3ED1CD42}.Release|x64.ActiveCfg = Release|Any CPU
		{B78B2C64-3586-4D08-BAFA-518B3ED1CD42}.Release|x64.Build.0 = Release|Any CPU
		{B78B2C64-3586-4D08-BAFA-518B3ED1CD42}.Release|x86.ActiveCfg = Release|Any CPU
		{B78B2C64-3586-4D08-BAFA-518B3ED1CD42}.Release|x86.Build.0 = Release|Any CPU
		{0CDA0B46-0E33-4288-A412-221B77E0D6E0}.Debug|Any CPU.ActiveCfg = Debug|Any CPU
		{0CDA0B46-0E33-4288-A412-221B77E0D6E0}.Debug|Any CPU.Build.0 = Debug|Any CPU
		{0CDA0B46-0E33-4288-A412-221B77E0D6E0}.Debug|x64.ActiveCfg = Debug|Any CPU
		{0CDA0B46-0E33-4288-A412-221B77E0D6E0}.Debug|x64.Build.0 = Debug|Any CPU
		{0CDA0B46-0E33-4288-A412-221B77E0D6E0}.Debug|x86.ActiveCfg = Debug|Any CPU
		{0CDA0B46-0E33-4288-A412-221B77E0D6E0}.Debug|x86.Build.0 = Debug|Any CPU
		{0CDA0B46-0E33-4288-A412-221B77E0D6E0}.Release|Any CPU.ActiveCfg = Release|Any CPU
		{0CDA0B46-0E33-4288-A412-221B77E0D6E0}.Release|Any CPU.Build.0 = Release|Any CPU
		{0CDA0B46-0E33-4288-A412-221B77E0D6E0}.Release|x64.ActiveCfg = Release|Any CPU
		{0CDA0B46-0E33-4288-A412-221B77E0D6E0}.Release|x64.Build.0 = Release|Any CPU
		{0CDA0B46-0E33-4288-A412-221B77E0D6E0}.Release|x86.ActiveCfg = Release|Any CPU
		{0CDA0B46-0E33-4288-A412-221B77E0D6E0}.Release|x86.Build.0 = Release|Any CPU
		{46C2A0D9-B8ED-4E41-9505-CD869382C020}.Debug|Any CPU.ActiveCfg = Debug|Any CPU
		{46C2A0D9-B8ED-4E41-9505-CD869382C020}.Debug|Any CPU.Build.0 = Debug|Any CPU
		{46C2A0D9-B8ED-4E41-9505-CD869382C020}.Debug|x64.ActiveCfg = Debug|Any CPU
		{46C2A0D9-B8ED-4E41-9505-CD869382C020}.Debug|x64.Build.0 = Debug|Any CPU
		{46C2A0D9-B8ED-4E41-9505-CD869382C020}.Debug|x86.ActiveCfg = Debug|Any CPU
		{46C2A0D9-B8ED-4E41-9505-CD869382C020}.Debug|x86.Build.0 = Debug|Any CPU
		{46C2A0D9-B8ED-4E41-9505-CD869382C020}.Release|Any CPU.ActiveCfg = Release|Any CPU
		{46C2A0D9-B8ED-4E41-9505-CD869382C020}.Release|Any CPU.Build.0 = Release|Any CPU
		{46C2A0D9-B8ED-4E41-9505-CD869382C020}.Release|x64.ActiveCfg = Release|Any CPU
		{46C2A0D9-B8ED-4E41-9505-CD869382C020}.Release|x64.Build.0 = Release|Any CPU
		{46C2A0D9-B8ED-4E41-9505-CD869382C020}.Release|x86.ActiveCfg = Release|Any CPU
		{46C2A0D9-B8ED-4E41-9505-CD869382C020}.Release|x86.Build.0 = Release|Any CPU
	EndGlobalSection
	GlobalSection(SolutionProperties) = preSolution
		HideSolutionNode = FALSE
	EndGlobalSection
	GlobalSection(NestedProjects) = preSolution
		{F9750A1F-F571-48A0-BB5A-1B2A38FDB393} = {B8DAEC72-6F14-4812-8561-00E2954FB3C4}
		{555155D5-41CD-4C9F-B245-666ABC18BD2A} = {B8DAEC72-6F14-4812-8561-00E2954FB3C4}
		{B8DAEC72-6F14-4812-8561-00E2954FB3C4} = {BD368205-EEA4-4D9D-91E2-1C663D644453}
		{F77CDA6E-CD9F-4869-8CF6-ABB9EEC3A363} = {BD368205-EEA4-4D9D-91E2-1C663D644453}
		{F2935E1D-0EA2-4957-AF78-04B55876B1CC} = {F77CDA6E-CD9F-4869-8CF6-ABB9EEC3A363}
		{D10090CE-F756-491F-9D00-7E867DE84A76} = {F77CDA6E-CD9F-4869-8CF6-ABB9EEC3A363}
		{667F4C04-510C-4B3C-AA07-90BFCA7835D7} = {F77CDA6E-CD9F-4869-8CF6-ABB9EEC3A363}
		{00B4981C-F635-4257-B87B-B29E2BAB3714} = {F77CDA6E-CD9F-4869-8CF6-ABB9EEC3A363}
		{0A6BC50D-9F82-4BBD-AA4A-5D0F4C0405CA} = {BD368205-EEA4-4D9D-91E2-1C663D644453}
		{9D13FC8E-2945-4195-8AD4-A4B7B6B8499B} = {0A6BC50D-9F82-4BBD-AA4A-5D0F4C0405CA}
		{5B95710D-C311-442A-B702-EB5B8D32DAC6} = {0A6BC50D-9F82-4BBD-AA4A-5D0F4C0405CA}
		{0ACFCE55-A902-4004-BF92-999ADE1F997D} = {BD368205-EEA4-4D9D-91E2-1C663D644453}
		{CF8ABB64-AE24-442C-B0C1-34E7D58F8B69} = {0ACFCE55-A902-4004-BF92-999ADE1F997D}
		{B6CDFD44-DB35-4C93-8584-E998C5875E79} = {BD368205-EEA4-4D9D-91E2-1C663D644453}
		{51632821-EABF-4BCE-B511-C32F1993F3A1} = {B6CDFD44-DB35-4C93-8584-E998C5875E79}
		{E739B1E0-E362-45D5-83DF-DFA09705EF5D} = {BD368205-EEA4-4D9D-91E2-1C663D644453}
		{850A975D-AE5A-4481-BCD8-FCCBFA0C0A21} = {E739B1E0-E362-45D5-83DF-DFA09705EF5D}
		{7D21E5B6-8635-4A2B-8953-168E9CA0C5FE} = {E739B1E0-E362-45D5-83DF-DFA09705EF5D}
		{3493DF9F-D5B6-4DB1-AB1F-B052AC43305C} = {E739B1E0-E362-45D5-83DF-DFA09705EF5D}
		{C9022453-D3F7-45A8-9C42-FA4DE1C85965} = {E739B1E0-E362-45D5-83DF-DFA09705EF5D}
		{DFB291E0-5ECD-408D-9DEE-44217BACF89F} = {E739B1E0-E362-45D5-83DF-DFA09705EF5D}
		{6B609591-031A-4870-AC4D-E4E58AC6D337} = {A2CC847C-0C0C-41CE-8B9D-7908C7D2D2C4}
		{269CA0F5-4F57-4334-88D7-4C1281A181ED} = {6B609591-031A-4870-AC4D-E4E58AC6D337}
		{51C8C3A3-EF20-4A03-99E0-F700EBF05D7E} = {A2CC847C-0C0C-41CE-8B9D-7908C7D2D2C4}
		{AB3A43A1-7F7C-4469-9B64-485D5FC32AF8} = {51C8C3A3-EF20-4A03-99E0-F700EBF05D7E}
		{03CFB367-D7BC-4DFC-AA0D-8794DFB7BFFA} = {51C8C3A3-EF20-4A03-99E0-F700EBF05D7E}
		{030F8189-D13A-4C1A-A530-0DA6BF4BF616} = {51C8C3A3-EF20-4A03-99E0-F700EBF05D7E}
		{BEEE8D79-9F7A-41DA-9866-FCF6A33ED662} = {51C8C3A3-EF20-4A03-99E0-F700EBF05D7E}
		{15AE53E4-DCEC-49D4-8DFF-6CA189A9F982} = {51C8C3A3-EF20-4A03-99E0-F700EBF05D7E}
		{D8939C4D-7CFF-48B3-B149-704E9FB05F16} = {1ED810FB-24E1-4C47-A66A-35A48748F489}
		{4D8C9EBE-1695-423E-8793-1C808CB7816E} = {1ED810FB-24E1-4C47-A66A-35A48748F489}
		{C67A51A7-D117-4FCE-A7C7-A661C3B8B99E} = {1ED810FB-24E1-4C47-A66A-35A48748F489}
		{0387D09A-B05F-46EA-8F47-A38843EA8F26} = {1ED810FB-24E1-4C47-A66A-35A48748F489}
		{02EA681E-C7D8-13C7-8484-4AC65E1B71E8} = {BD368205-EEA4-4D9D-91E2-1C663D644453}
		{628E30DD-FE35-44D9-9912-DF200AADD981} = {1C2D0980-3660-445C-89A8-70A9B7CE9E90}
		{D7CD9A5C-EB4F-4D18-B397-B5BC87BE34C2} = {1C2D0980-3660-445C-89A8-70A9B7CE9E90}
		{8BFA5C91-6B55-4AA0-96A5-8ADD01594C81} = {1C2D0980-3660-445C-89A8-70A9B7CE9E90}
		{C7134874-B44E-4652-A9D3-93A477386466} = {1C2D0980-3660-445C-89A8-70A9B7CE9E90}
		{B78B2C64-3586-4D08-BAFA-518B3ED1CD42} = {1C2D0980-3660-445C-89A8-70A9B7CE9E90}
		{0CDA0B46-0E33-4288-A412-221B77E0D6E0} = {1C2D0980-3660-445C-89A8-70A9B7CE9E90}
		{46C2A0D9-B8ED-4E41-9505-CD869382C020} = {1C2D0980-3660-445C-89A8-70A9B7CE9E90}
	EndGlobalSection
	GlobalSection(ExtensibilityGlobals) = postSolution
		SolutionGuid = {F99647CA-2D29-4AD6-80F2-496D1DE8191B}
	EndGlobalSection
EndGlobal
